// !$*UTF8*$!
{
	archiveVersion = 1;
	classes = {
	};
	objectVersion = 50;
	objects = {

/* Begin PBXBuildFile section */
		DD064074207FB867008D1446 /* AppDelegate.swift in Sources */ = {isa = PBXBuildFile; fileRef = DD064073207FB867008D1446 /* AppDelegate.swift */; };
		DD064079207FB867008D1446 /* Main.storyboard in Resources */ = {isa = PBXBuildFile; fileRef = DD064077207FB867008D1446 /* Main.storyboard */; };
		DD06407B207FB869008D1446 /* Assets.xcassets in Resources */ = {isa = PBXBuildFile; fileRef = DD06407A207FB869008D1446 /* Assets.xcassets */; };
		DD06407E207FB869008D1446 /* LaunchScreen.storyboard in Resources */ = {isa = PBXBuildFile; fileRef = DD06407C207FB869008D1446 /* LaunchScreen.storyboard */; };
		DD0E5D892083E77200C681E7 /* MovieDetailViewController.swift in Sources */ = {isa = PBXBuildFile; fileRef = DD0E5D882083E77200C681E7 /* MovieDetailViewController.swift */; };
		DDA83B052082AE7B009BC22A /* MovieCatalogViewController.swift in Sources */ = {isa = PBXBuildFile; fileRef = DDA83B042082AE7B009BC22A /* MovieCatalogViewController.swift */; };
		DDD999E8207FCD7A00CA14FF /* Movie.swift in Sources */ = {isa = PBXBuildFile; fileRef = DDD999E7207FCD7A00CA14FF /* Movie.swift */; };
		DDD999EC207FD45F00CA14FF /* MovieCatalogCollectionViewCell.swift in Sources */ = {isa = PBXBuildFile; fileRef = DDD999EB207FD45F00CA14FF /* MovieCatalogCollectionViewCell.swift */; };
		DDD999EE207FE86800CA14FF /* AddMovieTableViewController.swift in Sources */ = {isa = PBXBuildFile; fileRef = DDD999ED207FE86800CA14FF /* AddMovieTableViewController.swift */; };
/* End PBXBuildFile section */

/* Begin PBXFileReference section */
		DD064070207FB867008D1446 /* MovieCatalog.app */ = {isa = PBXFileReference; explicitFileType = wrapper.application; includeInIndex = 0; path = MovieCatalog.app; sourceTree = BUILT_PRODUCTS_DIR; };
		DD064073207FB867008D1446 /* AppDelegate.swift */ = {isa = PBXFileReference; lastKnownFileType = sourcecode.swift; path = AppDelegate.swift; sourceTree = "<group>"; };
		DD064078207FB867008D1446 /* Base */ = {isa = PBXFileReference; lastKnownFileType = file.storyboard; name = Base; path = Base.lproj/Main.storyboard; sourceTree = "<group>"; };
		DD06407A207FB869008D1446 /* Assets.xcassets */ = {isa = PBXFileReference; lastKnownFileType = folder.assetcatalog; path = Assets.xcassets; sourceTree = "<group>"; };
		DD06407D207FB869008D1446 /* Base */ = {isa = PBXFileReference; lastKnownFileType = file.storyboard; name = Base; path = Base.lproj/LaunchScreen.storyboard; sourceTree = "<group>"; };
		DD06407F207FB869008D1446 /* Info.plist */ = {isa = PBXFileReference; lastKnownFileType = text.plist.xml; path = Info.plist; sourceTree = "<group>"; };
		DD0E5D882083E77200C681E7 /* MovieDetailViewController.swift */ = {isa = PBXFileReference; lastKnownFileType = sourcecode.swift; path = MovieDetailViewController.swift; sourceTree = "<group>"; };
		DDA83B042082AE7B009BC22A /* MovieCatalogViewController.swift */ = {isa = PBXFileReference; lastKnownFileType = sourcecode.swift; path = MovieCatalogViewController.swift; sourceTree = "<group>"; };
		DDD999E7207FCD7A00CA14FF /* Movie.swift */ = {isa = PBXFileReference; lastKnownFileType = sourcecode.swift; path = Movie.swift; sourceTree = "<group>"; };
		DDD999EB207FD45F00CA14FF /* MovieCatalogCollectionViewCell.swift */ = {isa = PBXFileReference; lastKnownFileType = sourcecode.swift; path = MovieCatalogCollectionViewCell.swift; sourceTree = "<group>"; };
		DDD999ED207FE86800CA14FF /* AddMovieTableViewController.swift */ = {isa = PBXFileReference; lastKnownFileType = sourcecode.swift; path = AddMovieTableViewController.swift; sourceTree = "<group>"; };
/* End PBXFileReference section */

/* Begin PBXFrameworksBuildPhase section */
		DD06406D207FB867008D1446 /* Frameworks */ = {
			isa = PBXFrameworksBuildPhase;
			buildActionMask = 2147483647;
			files = (
			);
			runOnlyForDeploymentPostprocessing = 0;
		};
/* End PBXFrameworksBuildPhase section */

/* Begin PBXGroup section */
		DD064067207FB867008D1446 = {
			isa = PBXGroup;
			children = (
				DD064072207FB867008D1446 /* MovieCatalog */,
				DD064071207FB867008D1446 /* Products */,
			);
			sourceTree = "<group>";
		};
		DD064071207FB867008D1446 /* Products */ = {
			isa = PBXGroup;
			children = (
				DD064070207FB867008D1446 /* MovieCatalog.app */,
			);
			name = Products;
			sourceTree = "<group>";
		};
		DD064072207FB867008D1446 /* MovieCatalog */ = {
			isa = PBXGroup;
			children = (
				DD064077207FB867008D1446 /* Main.storyboard */,
				DDA83B042082AE7B009BC22A /* MovieCatalogViewController.swift */,
				DD0E5D882083E77200C681E7 /* MovieDetailViewController.swift */,
				DDD999ED207FE86800CA14FF /* AddMovieTableViewController.swift */,
				DDD999EB207FD45F00CA14FF /* MovieCatalogCollectionViewCell.swift */,
				DDD999E7207FCD7A00CA14FF /* Movie.swift */,
				DD064085207FB904008D1446 /* Supporting Files */,
				DD06407F207FB869008D1446 /* Info.plist */,
			);
			path = MovieCatalog;
			sourceTree = "<group>";
		};
		DD064085207FB904008D1446 /* Supporting Files */ = {
			isa = PBXGroup;
			children = (
				DD064073207FB867008D1446 /* AppDelegate.swift */,
				DD06407A207FB869008D1446 /* Assets.xcassets */,
				DD06407C207FB869008D1446 /* LaunchScreen.storyboard */,
			);
			path = "Supporting Files";
			sourceTree = "<group>";
		};
/* End PBXGroup section */

/* Begin PBXNativeTarget section */
		DD06406F207FB867008D1446 /* MovieCatalog */ = {
			isa = PBXNativeTarget;
			buildConfigurationList = DD064082207FB869008D1446 /* Build configuration list for PBXNativeTarget "MovieCatalog" */;
			buildPhases = (
				DD06406C207FB867008D1446 /* Sources */,
				DD06406D207FB867008D1446 /* Frameworks */,
				DD06406E207FB867008D1446 /* Resources */,
			);
			buildRules = (
			);
			dependencies = (
			);
			name = MovieCatalog;
			productName = MovieCatalog;
			productReference = DD064070207FB867008D1446 /* MovieCatalog.app */;
			productType = "com.apple.product-type.application";
		};
/* End PBXNativeTarget section */

/* Begin PBXProject section */
		DD064068207FB867008D1446 /* Project object */ = {
			isa = PBXProject;
			attributes = {
				LastSwiftUpdateCheck = 0930;
				LastUpgradeCheck = 0930;
				ORGANIZATIONNAME = "Vitalii Havryliuk";
				TargetAttributes = {
					DD06406F207FB867008D1446 = {
						CreatedOnToolsVersion = 9.3;
					};
				};
			};
			buildConfigurationList = DD06406B207FB867008D1446 /* Build configuration list for PBXProject "MovieCatalog" */;
			compatibilityVersion = "Xcode 9.3";
			developmentRegion = en;
			hasScannedForEncodings = 0;
			knownRegions = (
				en,
				Base,
			);
			mainGroup = DD064067207FB867008D1446;
			productRefGroup = DD064071207FB867008D1446 /* Products */;
			projectDirPath = "";
			projectRoot = "";
			targets = (
				DD06406F207FB867008D1446 /* MovieCatalog */,
			);
		};
/* End PBXProject section */

/* Begin PBXResourcesBuildPhase section */
		DD06406E207FB867008D1446 /* Resources */ = {
			isa = PBXResourcesBuildPhase;
			buildActionMask = 2147483647;
			files = (
				DD06407E207FB869008D1446 /* LaunchScreen.storyboard in Resources */,
				DD06407B207FB869008D1446 /* Assets.xcassets in Resources */,
				DD064079207FB867008D1446 /* Main.storyboard in Resources */,
			);
			runOnlyForDeploymentPostprocessing = 0;
		};
/* End PBXResourcesBuildPhase section */

/* Begin PBXSourcesBuildPhase section */
		DD06406C207FB867008D1446 /* Sources */ = {
			isa = PBXSourcesBuildPhase;
			buildActionMask = 2147483647;
			files = (
				DDD999EC207FD45F00CA14FF /* MovieCatalogCollectionViewCell.swift in Sources */,
				DDD999E8207FCD7A00CA14FF /* Movie.swift in Sources */,
				DDA83B052082AE7B009BC22A /* MovieCatalogViewController.swift in Sources */,
				DD064074207FB867008D1446 /* AppDelegate.swift in Sources */,
				DDD999EE207FE86800CA14FF /* AddMovieTableViewController.swift in Sources */,
				DD0E5D892083E77200C681E7 /* MovieDetailViewController.swift in Sources */,
			);
			runOnlyForDeploymentPostprocessing = 0;
		};
/* End PBXSourcesBuildPhase section */

/* Begin PBXVariantGroup section */
		DD064077207FB867008D1446 /* Main.storyboard */ = {
			isa = PBXVariantGroup;
			children = (
				DD064078207FB867008D1446 /* Base */,
			);
			name = Main.storyboard;
			sourceTree = "<group>";
		};
		DD06407C207FB869008D1446 /* LaunchScreen.storyboard */ = {
			isa = PBXVariantGroup;
			children = (
				DD06407D207FB869008D1446 /* Base */,
			);
			name = LaunchScreen.storyboard;
			sourceTree = "<group>";
		};
/* End PBXVariantGroup section */

/* Begin XCBuildConfiguration section */
		DD064080207FB869008D1446 /* Debug */ = {
			isa = XCBuildConfiguration;
			buildSettings = {
				ALWAYS_SEARCH_USER_PATHS = NO;
				CLANG_ANALYZER_NONNULL = YES;
				CLANG_ANALYZER_NUMBER_OBJECT_CONVERSION = YES_AGGRESSIVE;
				CLANG_CXX_LANGUAGE_STANDARD = "gnu++14";
				CLANG_CXX_LIBRARY = "libc++";
				CLANG_ENABLE_MODULES = YES;
				CLANG_ENABLE_OBJC_ARC = YES;
				CLANG_ENABLE_OBJC_WEAK = YES;
				CLANG_WARN_BLOCK_CAPTURE_AUTORELEASING = YES;
				CLANG_WARN_BOOL_CONVERSION = YES;
				CLANG_WARN_COMMA = YES;
				CLANG_WARN_CONSTANT_CONVERSION = YES;
				CLANG_WARN_DEPRECATED_OBJC_IMPLEMENTATIONS = YES;
				CLANG_WARN_DIRECT_OBJC_ISA_USAGE = YES_ERROR;
				CLANG_WARN_DOCUMENTATION_COMMENTS = YES;
				CLANG_WARN_EMPTY_BODY = YES;
				CLANG_WARN_ENUM_CONVERSION = YES;
				CLANG_WARN_INFINITE_RECURSION = YES;
				CLANG_WARN_INT_CONVERSION = YES;
				CLANG_WARN_NON_LITERAL_NULL_CONVERSION = YES;
				CLANG_WARN_OBJC_IMPLICIT_RETAIN_SELF = YES;
				CLANG_WARN_OBJC_LITERAL_CONVERSION = YES;
				CLANG_WARN_OBJC_ROOT_CLASS = YES_ERROR;
				CLANG_WARN_RANGE_LOOP_ANALYSIS = YES;
				CLANG_WARN_STRICT_PROTOTYPES = YES;
				CLANG_WARN_SUSPICIOUS_MOVE = YES;
				CLANG_WARN_UNGUARDED_AVAILABILITY = YES_AGGRESSIVE;
				CLANG_WARN_UNREACHABLE_CODE = YES;
				CLANG_WARN__DUPLICATE_METHOD_MATCH = YES;
				CODE_SIGN_IDENTITY = "iPhone Developer";
				COPY_PHASE_STRIP = NO;
				DEBUG_INFORMATION_FORMAT = dwarf;
				ENABLE_STRICT_OBJC_MSGSEND = YES;
				ENABLE_TESTABILITY = YES;
				GCC_C_LANGUAGE_STANDARD = gnu11;
				GCC_DYNAMIC_NO_PIC = NO;
				GCC_NO_COMMON_BLOCKS = YES;
				GCC_OPTIMIZATION_LEVEL = 0;
				GCC_PREPROCESSOR_DEFINITIONS = (
					"DEBUG=1",
					"$(inherited)",
				);
				GCC_WARN_64_TO_32_BIT_CONVERSION = YES;
				GCC_WARN_ABOUT_RETURN_TYPE = YES_ERROR;
				GCC_WARN_UNDECLARED_SELECTOR = YES;
				GCC_WARN_UNINITIALIZED_AUTOS = YES_AGGRESSIVE;
				GCC_WARN_UNUSED_FUNCTION = YES;
				GCC_WARN_UNUSED_VARIABLE = YES;
				IPHONEOS_DEPLOYMENT_TARGET = 11.3;
				MTL_ENABLE_DEBUG_INFO = YES;
				ONLY_ACTIVE_ARCH = YES;
				SDKROOT = iphoneos;
				SWIFT_ACTIVE_COMPILATION_CONDITIONS = DEBUG;
				SWIFT_OPTIMIZATION_LEVEL = "-Onone";
			};
			name = Debug;
		};
		DD064081207FB869008D1446 /* Release */ = {
			isa = XCBuildConfiguration;
			buildSettings = {
				ALWAYS_SEARCH_USER_PATHS = NO;
				CLANG_ANALYZER_NONNULL = YES;
				CLANG_ANALYZER_NUMBER_OBJECT_CONVERSION = YES_AGGRESSIVE;
				CLANG_CXX_LANGUAGE_STANDARD = "gnu++14";
				CLANG_CXX_LIBRARY = "libc++";
				CLANG_ENABLE_MODULES = YES;
				CLANG_ENABLE_OBJC_ARC = YES;
				CLANG_ENABLE_OBJC_WEAK = YES;
				CLANG_WARN_BLOCK_CAPTURE_AUTORELEASING = YES;
				CLANG_WARN_BOOL_CONVERSION = YES;
				CLANG_WARN_COMMA = YES;
				CLANG_WARN_CONSTANT_CONVERSION = YES;
				CLANG_WARN_DEPRECATED_OBJC_IMPLEMENTATIONS = YES;
				CLANG_WARN_DIRECT_OBJC_ISA_USAGE = YES_ERROR;
				CLANG_WARN_DOCUMENTATION_COMMENTS = YES;
				CLANG_WARN_EMPTY_BODY = YES;
				CLANG_WARN_ENUM_CONVERSION = YES;
				CLANG_WARN_INFINITE_RECURSION = YES;
				CLANG_WARN_INT_CONVERSION = YES;
				CLANG_WARN_NON_LITERAL_NULL_CONVERSION = YES;
				CLANG_WARN_OBJC_IMPLICIT_RETAIN_SELF = YES;
				CLANG_WARN_OBJC_LITERAL_CONVERSION = YES;
				CLANG_WARN_OBJC_ROOT_CLASS = YES_ERROR;
				CLANG_WARN_RANGE_LOOP_ANALYSIS = YES;
				CLANG_WARN_STRICT_PROTOTYPES = YES;
				CLANG_WARN_SUSPICIOUS_MOVE = YES;
				CLANG_WARN_UNGUARDED_AVAILABILITY = YES_AGGRESSIVE;
				CLANG_WARN_UNREACHABLE_CODE = YES;
				CLANG_WARN__DUPLICATE_METHOD_MATCH = YES;
				CODE_SIGN_IDENTITY = "iPhone Developer";
				COPY_PHASE_STRIP = NO;
				DEBUG_INFORMATION_FORMAT = "dwarf-with-dsym";
				ENABLE_NS_ASSERTIONS = NO;
				ENABLE_STRICT_OBJC_MSGSEND = YES;
				GCC_C_LANGUAGE_STANDARD = gnu11;
				GCC_NO_COMMON_BLOCKS = YES;
				GCC_WARN_64_TO_32_BIT_CONVERSION = YES;
				GCC_WARN_ABOUT_RETURN_TYPE = YES_ERROR;
				GCC_WARN_UNDECLARED_SELECTOR = YES;
				GCC_WARN_UNINITIALIZED_AUTOS = YES_AGGRESSIVE;
				GCC_WARN_UNUSED_FUNCTION = YES;
				GCC_WARN_UNUSED_VARIABLE = YES;
				IPHONEOS_DEPLOYMENT_TARGET = 11.3;
				MTL_ENABLE_DEBUG_INFO = NO;
				SDKROOT = iphoneos;
				SWIFT_COMPILATION_MODE = wholemodule;
				SWIFT_OPTIMIZATION_LEVEL = "-O";
				VALIDATE_PRODUCT = YES;
			};
			name = Release;
		};
		DD064083207FB869008D1446 /* Debug */ = {
			isa = XCBuildConfiguration;
			buildSettings = {
				ASSETCATALOG_COMPILER_APPICON_NAME = AppIcon;
				CODE_SIGN_STYLE = Automatic;
				DEVELOPMENT_TEAM = 2SWL59DHLX;
				INFOPLIST_FILE = MovieCatalog/Info.plist;
				LD_RUNPATH_SEARCH_PATHS = (
					"$(inherited)",
					"@executable_path/Frameworks",
				);
				PRODUCT_BUNDLE_IDENTIFIER = hvrlk.MovieCatalog;
				PRODUCT_NAME = "$(TARGET_NAME)";
				SWIFT_VERSION = 4.0;
				TARGETED_DEVICE_FAMILY = "1,2";
			};
			name = Debug;
		};
		DD064084207FB869008D1446 /* Release */ = {
			isa = XCBuildConfiguration;
			buildSettings = {
				ASSETCATALOG_COMPILER_APPICON_NAME = AppIcon;
				CODE_SIGN_STYLE = Automatic;
				DEVELOPMENT_TEAM = 2SWL59DHLX;
				INFOPLIST_FILE = MovieCatalog/Info.plist;
				LD_RUNPATH_SEARCH_PATHS = (
					"$(inherited)",
					"@executable_path/Frameworks",
				);
				PRODUCT_BUNDLE_IDENTIFIER = hvrlk.MovieCatalog;
				PRODUCT_NAME = "$(TARGET_NAME)";
				SWIFT_VERSION = 4.0;
				TARGETED_DEVICE_FAMILY = "1,2";
			};
			name = Release;
		};
/* End XCBuildConfiguration section */

/* Begin XCConfigurationList section */
		DD06406B207FB867008D1446 /* Build configuration list for PBXProject "MovieCatalog" */ = {
			isa = XCConfigurationList;
			buildConfigurations = (
				DD064080207FB869008D1446 /* Debug */,
				DD064081207FB869008D1446 /* Release */,
			);
			defaultConfigurationIsVisible = 0;
			defaultConfigurationName = Release;
		};
		DD064082207FB869008D1446 /* Build configuration list for PBXNativeTarget "MovieCatalog" */ = {
			isa = XCConfigurationList;
			buildConfigurations = (
				DD064083207FB869008D1446 /* Debug */,
				DD064084207FB869008D1446 /* Release */,
			);
			defaultConfigurationIsVisible = 0;
			defaultConfigurationName = Release;
		};
/* End XCConfigurationList section */
	};
	rootObject = DD064068207FB867008D1446 /* Project object */;
}
